{
  "requires": true,
  "lockfileVersion": 1,
  "dependencies": {
    "vue-form-generator": {
      "version": "2.3.4",
      "resolved": "https://registry.npmjs.org/vue-form-generator/-/vue-form-generator-2.3.4.tgz",
      "integrity": "sha512-gkGLukX2xyVYASVopRVt/v4ZVFpoH+I1j+yRIkJBOR9++UwZTi8yREWydnKukpp/r90SGX68Yzy4OkQrKZHluQ=="
    }
  }
}
